
Microsoft Visual Studio Solution File, Format Version 12.00
# Visual Studio Version 16
VisualStudioVersion = 16.0.32002.261
MinimumVisualStudioVersion = 10.0.40219.1
Project("{9A19103F-16F7-4668-BE54-9A1E7A4F7556}") = "TARGETInvestimentoDigitalAPI", "TARGETInvestimentoDigitalAPI.csproj", "{3AC6AF8B-79AC-49E2-86F6-921E117ACB5D}"
EndProject
Global
	GlobalSection(SolutionConfigurationPlatforms) = preSolution
		Debug|Any CPU = Debug|Any CPU
		Release|Any CPU = Release|Any CPU
	EndGlobalSection
	GlobalSection(ProjectConfigurationPlatforms) = postSolution
		{3AC6AF8B-79AC-49E2-86F6-921E117ACB5D}.Debug|Any CPU.ActiveCfg = Debug|Any CPU
		{3AC6AF8B-79AC-49E2-86F6-921E117ACB5D}.Debug|Any CPU.Build.0 = Debug|Any CPU
		{3AC6AF8B-79AC-49E2-86F6-921E117ACB5D}.Release|Any CPU.ActiveCfg = Release|Any CPU
		{3AC6AF8B-79AC-49E2-86F6-921E117ACB5D}.Release|Any CPU.Build.0 = Release|Any CPU
	EndGlobalSection
	GlobalSection(SolutionProperties) = preSolution
		HideSolutionNode = FALSE
	EndGlobalSection
	GlobalSection(ExtensibilityGlobals) = postSolution
		SolutionGuid = {99385F87-469F-4217-9B02-F04E2AC68637}
	EndGlobalSection
EndGlobal
